
Microsoft Visual Studio Solution File, Format Version 12.00
# Visual Studio Version 17
VisualStudioVersion = 17.9.34728.123
MinimumVisualStudioVersion = 10.0.40219.1
Project("{FAE04EC0-301F-11D3-BF4B-00C04F79EFBC}") = "MatchGame4838081", "MatchGame4838081\MatchGame4838081.csproj", "{BDB2A6DA-53E7-4CDD-B63C-AF7F2C48373E}"
EndProject
Global
	GlobalSection(SolutionConfigurationPlatforms) = preSolution
		Debug|Any CPU = Debug|Any CPU
		Release|Any CPU = Release|Any CPU
	EndGlobalSection
	GlobalSection(ProjectConfigurationPlatforms) = postSolution
		{BDB2A6DA-53E7-4CDD-B63C-AF7F2C48373E}.Debug|Any CPU.ActiveCfg = Debug|Any CPU
		{BDB2A6DA-53E7-4CDD-B63C-AF7F2C48373E}.Debug|Any CPU.Build.0 = Debug|Any CPU
		{BDB2A6DA-53E7-4CDD-B63C-AF7F2C48373E}.Debug|Any CPU.Deploy.0 = Debug|Any CPU
		{BDB2A6DA-53E7-4CDD-B63C-AF7F2C48373E}.Release|Any CPU.ActiveCfg = Release|Any CPU
		{BDB2A6DA-53E7-4CDD-B63C-AF7F2C48373E}.Release|Any CPU.Build.0 = Release|Any CPU
		{BDB2A6DA-53E7-4CDD-B63C-AF7F2C48373E}.Release|Any CPU.Deploy.0 = Release|Any CPU
	EndGlobalSection
	GlobalSection(SolutionProperties) = preSolution
		HideSolutionNode = FALSE
	EndGlobalSection
	GlobalSection(ExtensibilityGlobals) = postSolution
		SolutionGuid = {09BAEFAD-16CD-49E9-8642-AED76472C8EA}
	EndGlobalSection
EndGlobal
